// !$*UTF8*$!
{
	archiveVersion = 1;
	classes = {
	};
	objectVersion = 50;
	objects = {

/* Begin PBXBuildFile section */
		1845F76FAAB103407C0840BC /* Pods_InfluencerTests.framework in Frameworks */ = {isa = PBXBuildFile; fileRef = 6235EF45255C97967C01744D /* Pods_InfluencerTests.framework */; };
		7CBB0F5C24A48F93006CA992 /* AppDelegate.swift in Sources */ = {isa = PBXBuildFile; fileRef = 7CBB0F5B24A48F93006CA992 /* AppDelegate.swift */; };
		7CBB0F5E24A48F93006CA992 /* SceneDelegate.swift in Sources */ = {isa = PBXBuildFile; fileRef = 7CBB0F5D24A48F93006CA992 /* SceneDelegate.swift */; };
		7CBB0F6024A48F93006CA992 /* ViewController.swift in Sources */ = {isa = PBXBuildFile; fileRef = 7CBB0F5F24A48F93006CA992 /* ViewController.swift */; };
		7CBB0F6324A48F93006CA992 /* Main.storyboard in Resources */ = {isa = PBXBuildFile; fileRef = 7CBB0F6124A48F93006CA992 /* Main.storyboard */; };
		7CBB0F6524A48F98006CA992 /* Assets.xcassets in Resources */ = {isa = PBXBuildFile; fileRef = 7CBB0F6424A48F98006CA992 /* Assets.xcassets */; };
		7CBB0F6824A48F98006CA992 /* LaunchScreen.storyboard in Resources */ = {isa = PBXBuildFile; fileRef = 7CBB0F6624A48F98006CA992 /* LaunchScreen.storyboard */; };
		7CBB0F7324A48F98006CA992 /* InfluencerTests.swift in Sources */ = {isa = PBXBuildFile; fileRef = 7CBB0F7224A48F98006CA992 /* InfluencerTests.swift */; };
		F1908435B7A180475515CB8E /* Pods_Influencer.framework in Frameworks */ = {isa = PBXBuildFile; fileRef = B1C0C6A0475072E077325C53 /* Pods_Influencer.framework */; };
/* End PBXBuildFile section */

/* Begin PBXContainerItemProxy section */
		7CBB0F6F24A48F98006CA992 /* PBXContainerItemProxy */ = {
			isa = PBXContainerItemProxy;
			containerPortal = 7CBB0F5024A48F93006CA992 /* Project object */;
			proxyType = 1;
			remoteGlobalIDString = 7CBB0F5724A48F93006CA992;
			remoteInfo = Influencer;
		};
/* End PBXContainerItemProxy section */

/* Begin PBXFileReference section */
		148C25917534B1F5D9A69ECC /* Pods-Influencer.release.xcconfig */ = {isa = PBXFileReference; includeInIndex = 1; lastKnownFileType = text.xcconfig; name = "Pods-Influencer.release.xcconfig"; path = "Target Support Files/Pods-Influencer/Pods-Influencer.release.xcconfig"; sourceTree = "<group>"; };
		6235EF45255C97967C01744D /* Pods_InfluencerTests.framework */ = {isa = PBXFileReference; explicitFileType = wrapper.framework; includeInIndex = 0; path = Pods_InfluencerTests.framework; sourceTree = BUILT_PRODUCTS_DIR; };
		6616FF05378D726A7F930973 /* Pods-Influencer.debug.xcconfig */ = {isa = PBXFileReference; includeInIndex = 1; lastKnownFileType = text.xcconfig; name = "Pods-Influencer.debug.xcconfig"; path = "Target Support Files/Pods-Influencer/Pods-Influencer.debug.xcconfig"; sourceTree = "<group>"; };
		7CBB0F5824A48F93006CA992 /* Influencer.app */ = {isa = PBXFileReference; explicitFileType = wrapper.application; includeInIndex = 0; path = Influencer.app; sourceTree = BUILT_PRODUCTS_DIR; };
		7CBB0F5B24A48F93006CA992 /* AppDelegate.swift */ = {isa = PBXFileReference; lastKnownFileType = sourcecode.swift; path = AppDelegate.swift; sourceTree = "<group>"; };
		7CBB0F5D24A48F93006CA992 /* SceneDelegate.swift */ = {isa = PBXFileReference; lastKnownFileType = sourcecode.swift; path = SceneDelegate.swift; sourceTree = "<group>"; };
		7CBB0F5F24A48F93006CA992 /* ViewController.swift */ = {isa = PBXFileReference; lastKnownFileType = sourcecode.swift; path = ViewController.swift; sourceTree = "<group>"; };
		7CBB0F6224A48F93006CA992 /* Base */ = {isa = PBXFileReference; lastKnownFileType = file.storyboard; name = Base; path = Base.lproj/Main.storyboard; sourceTree = "<group>"; };
		7CBB0F6424A48F98006CA992 /* Assets.xcassets */ = {isa = PBXFileReference; lastKnownFileType = folder.assetcatalog; path = Assets.xcassets; sourceTree = "<group>"; };
		7CBB0F6724A48F98006CA992 /* Base */ = {isa = PBXFileReference; lastKnownFileType = file.storyboard; name = Base; path = Base.lproj/LaunchScreen.storyboard; sourceTree = "<group>"; };
		7CBB0F6924A48F98006CA992 /* Info.plist */ = {isa = PBXFileReference; lastKnownFileType = text.plist.xml; path = Info.plist; sourceTree = "<group>"; };
		7CBB0F6E24A48F98006CA992 /* InfluencerTests.xctest */ = {isa = PBXFileReference; explicitFileType = wrapper.cfbundle; includeInIndex = 0; path = InfluencerTests.xctest; sourceTree = BUILT_PRODUCTS_DIR; };
		7CBB0F7224A48F98006CA992 /* InfluencerTests.swift */ = {isa = PBXFileReference; lastKnownFileType = sourcecode.swift; path = InfluencerTests.swift; sourceTree = "<group>"; };
		7CBB0F7424A48F98006CA992 /* Info.plist */ = {isa = PBXFileReference; lastKnownFileType = text.plist.xml; path = Info.plist; sourceTree = "<group>"; };
		B1C0C6A0475072E077325C53 /* Pods_Influencer.framework */ = {isa = PBXFileReference; explicitFileType = wrapper.framework; includeInIndex = 0; path = Pods_Influencer.framework; sourceTree = BUILT_PRODUCTS_DIR; };
		C256F1A68752E9DF18586D55 /* Pods-InfluencerTests.release.xcconfig */ = {isa = PBXFileReference; includeInIndex = 1; lastKnownFileType = text.xcconfig; name = "Pods-InfluencerTests.release.xcconfig"; path = "Target Support Files/Pods-InfluencerTests/Pods-InfluencerTests.release.xcconfig"; sourceTree = "<group>"; };
		D8C9C0F95B9EA3CB1F13001D /* Pods-InfluencerTests.debug.xcconfig */ = {isa = PBXFileReference; includeInIndex = 1; lastKnownFileType = text.xcconfig; name = "Pods-InfluencerTests.debug.xcconfig"; path = "Target Support Files/Pods-InfluencerTests/Pods-InfluencerTests.debug.xcconfig"; sourceTree = "<group>"; };
/* End PBXFileReference section */

/* Begin PBXFrameworksBuildPhase section */
		7CBB0F5524A48F93006CA992 /* Frameworks */ = {
			isa = PBXFrameworksBuildPhase;
			buildActionMask = 2147483647;
			files = (
				F1908435B7A180475515CB8E /* Pods_Influencer.framework in Frameworks */,
			);
			runOnlyForDeploymentPostprocessing = 0;
		};
		7CBB0F6B24A48F98006CA992 /* Frameworks */ = {
			isa = PBXFrameworksBuildPhase;
			buildActionMask = 2147483647;
			files = (
				1845F76FAAB103407C0840BC /* Pods_InfluencerTests.framework in Frameworks */,
			);
			runOnlyForDeploymentPostprocessing = 0;
		};
/* End PBXFrameworksBuildPhase section */

/* Begin PBXGroup section */
		7CBB0F4F24A48F93006CA992 = {
			isa = PBXGroup;
			children = (
				7CBB0F5A24A48F93006CA992 /* Influencer */,
				7CBB0F7124A48F98006CA992 /* InfluencerTests */,
				7CBB0F5924A48F93006CA992 /* Products */,
				F086180871F97D266C72FB33 /* Pods */,
				FC24D85A150FADECD99846D2 /* Frameworks */,
			);
			sourceTree = "<group>";
		};
		7CBB0F5924A48F93006CA992 /* Products */ = {
			isa = PBXGroup;
			children = (
				7CBB0F5824A48F93006CA992 /* Influencer.app */,
				7CBB0F6E24A48F98006CA992 /* InfluencerTests.xctest */,
			);
			name = Products;
			sourceTree = "<group>";
		};
		7CBB0F5A24A48F93006CA992 /* Influencer */ = {
			isa = PBXGroup;
			children = (
				7CBB0F5B24A48F93006CA992 /* AppDelegate.swift */,
				7CBB0F5D24A48F93006CA992 /* SceneDelegate.swift */,
				7CBB0F5F24A48F93006CA992 /* ViewController.swift */,
				7CBB0F6124A48F93006CA992 /* Main.storyboard */,
				7CBB0F6424A48F98006CA992 /* Assets.xcassets */,
				7CBB0F6624A48F98006CA992 /* LaunchScreen.storyboard */,
				7CBB0F6924A48F98006CA992 /* Info.plist */,
			);
			path = Influencer;
			sourceTree = "<group>";
		};
		7CBB0F7124A48F98006CA992 /* InfluencerTests */ = {
			isa = PBXGroup;
			children = (
				7CBB0F7224A48F98006CA992 /* InfluencerTests.swift */,
				7CBB0F7424A48F98006CA992 /* Info.plist */,
			);
			path = InfluencerTests;
			sourceTree = "<group>";
		};
		F086180871F97D266C72FB33 /* Pods */ = {
			isa = PBXGroup;
			children = (
				6616FF05378D726A7F930973 /* Pods-Influencer.debug.xcconfig */,
				148C25917534B1F5D9A69ECC /* Pods-Influencer.release.xcconfig */,
				D8C9C0F95B9EA3CB1F13001D /* Pods-InfluencerTests.debug.xcconfig */,
				C256F1A68752E9DF18586D55 /* Pods-InfluencerTests.release.xcconfig */,
			);
			name = Pods;
			path = Pods;
			sourceTree = "<group>";
		};
		FC24D85A150FADECD99846D2 /* Frameworks */ = {
			isa = PBXGroup;
			children = (
				B1C0C6A0475072E077325C53 /* Pods_Influencer.framework */,
				6235EF45255C97967C01744D /* Pods_InfluencerTests.framework */,
			);
			name = Frameworks;
			sourceTree = "<group>";
		};
/* End PBXGroup section */

/* Begin PBXNativeTarget section */
		7CBB0F5724A48F93006CA992 /* Influencer */ = {
			isa = PBXNativeTarget;
			buildConfigurationList = 7CBB0F7724A48F98006CA992 /* Build configuration list for PBXNativeTarget "Influencer" */;
			buildPhases = (
				21CA9EE9EF7CB1F6D96F6600 /* [CP] Check Pods Manifest.lock */,
				7CBB0F5424A48F93006CA992 /* Sources */,
				7CBB0F5524A48F93006CA992 /* Frameworks */,
				7CBB0F5624A48F93006CA992 /* Resources */,
				9E04FA02016AA4C1F998B75D /* [CP] Embed Pods Frameworks */,
			);
			buildRules = (
			);
			dependencies = (
			);
			name = Influencer;
			productName = Influencer;
			productReference = 7CBB0F5824A48F93006CA992 /* Influencer.app */;
			productType = "com.apple.product-type.application";
		};
		7CBB0F6D24A48F98006CA992 /* InfluencerTests */ = {
			isa = PBXNativeTarget;
			buildConfigurationList = 7CBB0F7A24A48F98006CA992 /* Build configuration list for PBXNativeTarget "InfluencerTests" */;
			buildPhases = (
				0AE60842A8A178D82275C686 /* [CP] Check Pods Manifest.lock */,
				7CBB0F6A24A48F98006CA992 /* Sources */,
				7CBB0F6B24A48F98006CA992 /* Frameworks */,
				7CBB0F6C24A48F98006CA992 /* Resources */,
			);
			buildRules = (
			);
			dependencies = (
				7CBB0F7024A48F98006CA992 /* PBXTargetDependency */,
			);
			name = InfluencerTests;
			productName = InfluencerTests;
			productReference = 7CBB0F6E24A48F98006CA992 /* InfluencerTests.xctest */;
			productType = "com.apple.product-type.bundle.unit-test";
		};
/* End PBXNativeTarget section */

/* Begin PBXProject section */
		7CBB0F5024A48F93006CA992 /* Project object */ = {
			isa = PBXProject;
			attributes = {
				LastSwiftUpdateCheck = 1150;
				LastUpgradeCheck = 1150;
				ORGANIZATIONNAME = eojine;
				TargetAttributes = {
					7CBB0F5724A48F93006CA992 = {
						CreatedOnToolsVersion = 11.5;
					};
					7CBB0F6D24A48F98006CA992 = {
						CreatedOnToolsVersion = 11.5;
						TestTargetID = 7CBB0F5724A48F93006CA992;
					};
				};
			};
			buildConfigurationList = 7CBB0F5324A48F93006CA992 /* Build configuration list for PBXProject "Influencer" */;
			compatibilityVersion = "Xcode 9.3";
			developmentRegion = en;
			hasScannedForEncodings = 0;
			knownRegions = (
				en,
				Base,
			);
			mainGroup = 7CBB0F4F24A48F93006CA992;
			productRefGroup = 7CBB0F5924A48F93006CA992 /* Products */;
			projectDirPath = "";
			projectRoot = "";
			targets = (
				7CBB0F5724A48F93006CA992 /* Influencer */,
				7CBB0F6D24A48F98006CA992 /* InfluencerTests */,
			);
		};
/* End PBXProject section */

/* Begin PBXResourcesBuildPhase section */
		7CBB0F5624A48F93006CA992 /* Resources */ = {
			isa = PBXResourcesBuildPhase;
			buildActionMask = 2147483647;
			files = (
				7CBB0F6824A48F98006CA992 /* LaunchScreen.storyboard in Resources */,
				7CBB0F6524A48F98006CA992 /* Assets.xcassets in Resources */,
				7CBB0F6324A48F93006CA992 /* Main.storyboard in Resources */,
			);
			runOnlyForDeploymentPostprocessing = 0;
		};
		7CBB0F6C24A48F98006CA992 /* Resources */ = {
			isa = PBXResourcesBuildPhase;
			buildActionMask = 2147483647;
			files = (
			);
			runOnlyForDeploymentPostprocessing = 0;
		};
/* End PBXResourcesBuildPhase section */

/* Begin PBXShellScriptBuildPhase section */
		0AE60842A8A178D82275C686 /* [CP] Check Pods Manifest.lock */ = {
			isa = PBXShellScriptBuildPhase;
			buildActionMask = 2147483647;
			files = (
			);
			inputFileListPaths = (
			);
			inputPaths = (
				"${PODS_PODFILE_DIR_PATH}/Podfile.lock",
				"${PODS_ROOT}/Manifest.lock",
			);
			name = "[CP] Check Pods Manifest.lock";
			outputFileListPaths = (
			);
			outputPaths = (
				"$(DERIVED_FILE_DIR)/Pods-InfluencerTests-checkManifestLockResult.txt",
			);
			runOnlyForDeploymentPostprocessing = 0;
			shellPath = /bin/sh;
			shellScript = "diff \"${PODS_PODFILE_DIR_PATH}/Podfile.lock\" \"${PODS_ROOT}/Manifest.lock\" > /dev/null\nif [ $? != 0 ] ; then\n    # print error to STDERR\n    echo \"error: The sandbox is not in sync with the Podfile.lock. Run 'pod install' or update your CocoaPods installation.\" >&2\n    exit 1\nfi\n# This output is used by Xcode 'outputs' to avoid re-running this script phase.\necho \"SUCCESS\" > \"${SCRIPT_OUTPUT_FILE_0}\"\n";
			showEnvVarsInLog = 0;
		};
		21CA9EE9EF7CB1F6D96F6600 /* [CP] Check Pods Manifest.lock */ = {
			isa = PBXShellScriptBuildPhase;
			buildActionMask = 2147483647;
			files = (
			);
			inputFileListPaths = (
			);
			inputPaths = (
				"${PODS_PODFILE_DIR_PATH}/Podfile.lock",
				"${PODS_ROOT}/Manifest.lock",
			);
			name = "[CP] Check Pods Manifest.lock";
			outputFileListPaths = (
			);
			outputPaths = (
				"$(DERIVED_FILE_DIR)/Pods-Influencer-checkManifestLockResult.txt",
			);
			runOnlyForDeploymentPostprocessing = 0;
			shellPath = /bin/sh;
			shellScript = "diff \"${PODS_PODFILE_DIR_PATH}/Podfile.lock\" \"${PODS_ROOT}/Manifest.lock\" > /dev/null\nif [ $? != 0 ] ; then\n    # print error to STDERR\n    echo \"error: The sandbox is not in sync with the Podfile.lock. Run 'pod install' or update your CocoaPods installation.\" >&2\n    exit 1\nfi\n# This output is used by Xcode 'outputs' to avoid re-running this script phase.\necho \"SUCCESS\" > \"${SCRIPT_OUTPUT_FILE_0}\"\n";
			showEnvVarsInLog = 0;
		};
		9E04FA02016AA4C1F998B75D /* [CP] Embed Pods Frameworks */ = {
			isa = PBXShellScriptBuildPhase;
			buildActionMask = 2147483647;
			files = (
			);
			inputFileListPaths = (
				"${PODS_ROOT}/Target Support Files/Pods-Influencer/Pods-Influencer-frameworks-${CONFIGURATION}-input-files.xcfilelist",
			);
			name = "[CP] Embed Pods Frameworks";
			outputFileListPaths = (
				"${PODS_ROOT}/Target Support Files/Pods-Influencer/Pods-Influencer-frameworks-${CONFIGURATION}-output-files.xcfilelist",
			);
			runOnlyForDeploymentPostprocessing = 0;
			shellPath = /bin/sh;
			shellScript = "\"${PODS_ROOT}/Target Support Files/Pods-Influencer/Pods-Influencer-frameworks.sh\"\n";
			showEnvVarsInLog = 0;
		};
/* End PBXShellScriptBuildPhase section */

/* Begin PBXSourcesBuildPhase section */
		7CBB0F5424A48F93006CA992 /* Sources */ = {
			isa = PBXSourcesBuildPhase;
			buildActionMask = 2147483647;
			files = (
				7CBB0F6024A48F93006CA992 /* ViewController.swift in Sources */,
				7CBB0F5C24A48F93006CA992 /* AppDelegate.swift in Sources */,
				7CBB0F5E24A48F93006CA992 /* SceneDelegate.swift in Sources */,
			);
			runOnlyForDeploymentPostprocessing = 0;
		};
		7CBB0F6A24A48F98006CA992 /* Sources */ = {
			isa = PBXSourcesBuildPhase;
			buildActionMask = 2147483647;
			files = (
				7CBB0F7324A48F98006CA992 /* InfluencerTests.swift in Sources */,
			);
			runOnlyForDeploymentPostprocessing = 0;
		};
/* End PBXSourcesBuildPhase section */

/* Begin PBXTargetDependency section */
		7CBB0F7024A48F98006CA992 /* PBXTargetDependency */ = {
			isa = PBXTargetDependency;
			target = 7CBB0F5724A48F93006CA992 /* Influencer */;
			targetProxy = 7CBB0F6F24A48F98006CA992 /* PBXContainerItemProxy */;
		};
/* End PBXTargetDependency section */

/* Begin PBXVariantGroup section */
		7CBB0F6124A48F93006CA992 /* Main.storyboard */ = {
			isa = PBXVariantGroup;
			children = (
				7CBB0F6224A48F93006CA992 /* Base */,
			);
			name = Main.storyboard;
			sourceTree = "<group>";
		};
		7CBB0F6624A48F98006CA992 /* LaunchScreen.storyboard */ = {
			isa = PBXVariantGroup;
			children = (
				7CBB0F6724A48F98006CA992 /* Base */,
			);
			name = LaunchScreen.storyboard;
			sourceTree = "<group>";
		};
/* End PBXVariantGroup section */

/* Begin XCBuildConfiguration section */
		7CBB0F7524A48F98006CA992 /* Debug */ = {
			isa = XCBuildConfiguration;
			buildSettings = {
				ALWAYS_SEARCH_USER_PATHS = NO;
				CLANG_ANALYZER_NONNULL = YES;
				CLANG_ANALYZER_NUMBER_OBJECT_CONVERSION = YES_AGGRESSIVE;
				CLANG_CXX_LANGUAGE_STANDARD = "gnu++14";
				CLANG_CXX_LIBRARY = "libc++";
				CLANG_ENABLE_MODULES = YES;
				CLANG_ENABLE_OBJC_ARC = YES;
				CLANG_ENABLE_OBJC_WEAK = YES;
				CLANG_WARN_BLOCK_CAPTURE_AUTORELEASING = YES;
				CLANG_WARN_BOOL_CONVERSION = YES;
				CLANG_WARN_COMMA = YES;
				CLANG_WARN_CONSTANT_CONVERSION = YES;
				CLANG_WARN_DEPRECATED_OBJC_IMPLEMENTATIONS = YES;
				CLANG_WARN_DIRECT_OBJC_ISA_USAGE = YES_ERROR;
				CLANG_WARN_DOCUMENTATION_COMMENTS = YES;
				CLANG_WARN_EMPTY_BODY = YES;
				CLANG_WARN_ENUM_CONVERSION = YES;
				CLANG_WARN_INFINITE_RECURSION = YES;
				CLANG_WARN_INT_CONVERSION = YES;
				CLANG_WARN_NON_LITERAL_NULL_CONVERSION = YES;
				CLANG_WARN_OBJC_IMPLICIT_RETAIN_SELF = YES;
				CLANG_WARN_OBJC_LITERAL_CONVERSION = YES;
				CLANG_WARN_OBJC_ROOT_CLASS = YES_ERROR;
				CLANG_WARN_RANGE_LOOP_ANALYSIS = YES;
				CLANG_WARN_STRICT_PROTOTYPES = YES;
				CLANG_WARN_SUSPICIOUS_MOVE = YES;
				CLANG_WARN_UNGUARDED_AVAILABILITY = YES_AGGRESSIVE;
				CLANG_WARN_UNREACHABLE_CODE = YES;
				CLANG_WARN__DUPLICATE_METHOD_MATCH = YES;
				COPY_PHASE_STRIP = NO;
				DEBUG_INFORMATION_FORMAT = dwarf;
				ENABLE_STRICT_OBJC_MSGSEND = YES;
				ENABLE_TESTABILITY = YES;
				GCC_C_LANGUAGE_STANDARD = gnu11;
				GCC_DYNAMIC_NO_PIC = NO;
				GCC_NO_COMMON_BLOCKS = YES;
				GCC_OPTIMIZATION_LEVEL = 0;
				GCC_PREPROCESSOR_DEFINITIONS = (
					"DEBUG=1",
					"$(inherited)",
				);
				GCC_WARN_64_TO_32_BIT_CONVERSION = YES;
				GCC_WARN_ABOUT_RETURN_TYPE = YES_ERROR;
				GCC_WARN_UNDECLARED_SELECTOR = YES;
				GCC_WARN_UNINITIALIZED_AUTOS = YES_AGGRESSIVE;
				GCC_WARN_UNUSED_FUNCTION = YES;
				GCC_WARN_UNUSED_VARIABLE = YES;
				IPHONEOS_DEPLOYMENT_TARGET = 13.5;
				MTL_ENABLE_DEBUG_INFO = INCLUDE_SOURCE;
				MTL_FAST_MATH = YES;
				ONLY_ACTIVE_ARCH = YES;
				SDKROOT = iphoneos;
				SWIFT_ACTIVE_COMPILATION_CONDITIONS = DEBUG;
				SWIFT_OPTIMIZATION_LEVEL = "-Onone";
			};
			name = Debug;
		};
		7CBB0F7624A48F98006CA992 /* Release */ = {
			isa = XCBuildConfiguration;
			buildSettings = {
				ALWAYS_SEARCH_USER_PATHS = NO;
				CLANG_ANALYZER_NONNULL = YES;
				CLANG_ANALYZER_NUMBER_OBJECT_CONVERSION = YES_AGGRESSIVE;
				CLANG_CXX_LANGUAGE_STANDARD = "gnu++14";
				CLANG_CXX_LIBRARY = "libc++";
				CLANG_ENABLE_MODULES = YES;
				CLANG_ENABLE_OBJC_ARC = YES;
				CLANG_ENABLE_OBJC_WEAK = YES;
				CLANG_WARN_BLOCK_CAPTURE_AUTORELEASING = YES;
				CLANG_WARN_BOOL_CONVERSION = YES;
				CLANG_WARN_COMMA = YES;
				CLANG_WARN_CONSTANT_CONVERSION = YES;
				CLANG_WARN_DEPRECATED_OBJC_IMPLEMENTATIONS = YES;
				CLANG_WARN_DIRECT_OBJC_ISA_USAGE = YES_ERROR;
				CLANG_WARN_DOCUMENTATION_COMMENTS = YES;
				CLANG_WARN_EMPTY_BODY = YES;
				CLANG_WARN_ENUM_CONVERSION = YES;
				CLANG_WARN_INFINITE_RECURSION = YES;
				CLANG_WARN_INT_CONVERSION = YES;
				CLANG_WARN_NON_LITERAL_NULL_CONVERSION = YES;
				CLANG_WARN_OBJC_IMPLICIT_RETAIN_SELF = YES;
				CLANG_WARN_OBJC_LITERAL_CONVERSION = YES;
				CLANG_WARN_OBJC_ROOT_CLASS = YES_ERROR;
				CLANG_WARN_RANGE_LOOP_ANALYSIS = YES;
				CLANG_WARN_STRICT_PROTOTYPES = YES;
				CLANG_WARN_SUSPICIOUS_MOVE = YES;
				CLANG_WARN_UNGUARDED_AVAILABILITY = YES_AGGRESSIVE;
				CLANG_WARN_UNREACHABLE_CODE = YES;
				CLANG_WARN__DUPLICATE_METHOD_MATCH = YES;
				COPY_PHASE_STRIP = NO;
				DEBUG_INFORMATION_FORMAT = "dwarf-with-dsym";
				ENABLE_NS_ASSERTIONS = NO;
				ENABLE_STRICT_OBJC_MSGSEND = YES;
				GCC_C_LANGUAGE_STANDARD = gnu11;
				GCC_NO_COMMON_BLOCKS = YES;
				GCC_WARN_64_TO_32_BIT_CONVERSION = YES;
				GCC_WARN_ABOUT_RETURN_TYPE = YES_ERROR;
				GCC_WARN_UNDECLARED_SELECTOR = YES;
				GCC_WARN_UNINITIALIZED_AUTOS = YES_AGGRESSIVE;
				GCC_WARN_UNUSED_FUNCTION = YES;
				GCC_WARN_UNUSED_VARIABLE = YES;
				IPHONEOS_DEPLOYMENT_TARGET = 13.5;
				MTL_ENABLE_DEBUG_INFO = NO;
				MTL_FAST_MATH = YES;
				SDKROOT = iphoneos;
				SWIFT_COMPILATION_MODE = wholemodule;
				SWIFT_OPTIMIZATION_LEVEL = "-O";
				VALIDATE_PRODUCT = YES;
			};
			name = Release;
		};
		7CBB0F7824A48F98006CA992 /* Debug */ = {
			isa = XCBuildConfiguration;
			baseConfigurationReference = 6616FF05378D726A7F930973 /* Pods-Influencer.debug.xcconfig */;
			buildSettings = {
				ASSETCATALOG_COMPILER_APPICON_NAME = AppIcon;
				CODE_SIGN_STYLE = Automatic;
				INFOPLIST_FILE = Influencer/Info.plist;
				LD_RUNPATH_SEARCH_PATHS = (
					"$(inherited)",
					"@executable_path/Frameworks",
				);
				PRODUCT_BUNDLE_IDENTIFIER = eojine.Influencer;
				PRODUCT_NAME = "$(TARGET_NAME)";
				SWIFT_VERSION = 5.0;
				TARGETED_DEVICE_FAMILY = "1,2";
			};
			name = Debug;
		};
		7CBB0F7924A48F98006CA992 /* Release */ = {
			isa = XCBuildConfiguration;
			baseConfigurationReference = 148C25917534B1F5D9A69ECC /* Pods-Influencer.release.xcconfig */;
			buildSettings = {
				ASSETCATALOG_COMPILER_APPICON_NAME = AppIcon;
				CODE_SIGN_STYLE = Automatic;
				INFOPLIST_FILE = Influencer/Info.plist;
				LD_RUNPATH_SEARCH_PATHS = (
					"$(inherited)",
					"@executable_path/Frameworks",
				);
				PRODUCT_BUNDLE_IDENTIFIER = eojine.Influencer;
				PRODUCT_NAME = "$(TARGET_NAME)";
				SWIFT_VERSION = 5.0;
				TARGETED_DEVICE_FAMILY = "1,2";
			};
			name = Release;
		};
		7CBB0F7B24A48F98006CA992 /* Debug */ = {
			isa = XCBuildConfiguration;
			baseConfigurationReference = D8C9C0F95B9EA3CB1F13001D /* Pods-InfluencerTests.debug.xcconfig */;
			buildSettings = {
				ALWAYS_EMBED_SWIFT_STANDARD_LIBRARIES = YES;
				BUNDLE_LOADER = "$(TEST_HOST)";
				CODE_SIGN_STYLE = Automatic;
				INFOPLIST_FILE = InfluencerTests/Info.plist;
				IPHONEOS_DEPLOYMENT_TARGET = 13.5;
				LD_RUNPATH_SEARCH_PATHS = (
					"$(inherited)",
					"@executable_path/Frameworks",
					"@loader_path/Frameworks",
				);
				PRODUCT_BUNDLE_IDENTIFIER = eojine.InfluencerTests;
				PRODUCT_NAME = "$(TARGET_NAME)";
				SWIFT_VERSION = 5.0;
				TARGETED_DEVICE_FAMILY = "1,2";
				TEST_HOST = "$(BUILT_PRODUCTS_DIR)/Influencer.app/Influencer";
			};
			name = Debug;
		};
		7CBB0F7C24A48F98006CA992 /* Release */ = {
			isa = XCBuildConfiguration;
			baseConfigurationReference = C256F1A68752E9DF18586D55 /* Pods-InfluencerTests.release.xcconfig */;
			buildSettings = {
				ALWAYS_EMBED_SWIFT_STANDARD_LIBRARIES = YES;
				BUNDLE_LOADER = "$(TEST_HOST)";
				CODE_SIGN_STYLE = Automatic;
				INFOPLIST_FILE = InfluencerTests/Info.plist;
				IPHONEOS_DEPLOYMENT_TARGET = 13.5;
				LD_RUNPATH_SEARCH_PATHS = (
					"$(inherited)",
					"@executable_path/Frameworks",
					"@loader_path/Frameworks",
				);
				PRODUCT_BUNDLE_IDENTIFIER = eojine.InfluencerTests;
				PRODUCT_NAME = "$(TARGET_NAME)";
				SWIFT_VERSION = 5.0;
				TARGETED_DEVICE_FAMILY = "1,2";
				TEST_HOST = "$(BUILT_PRODUCTS_DIR)/Influencer.app/Influencer";
			};
			name = Release;
		};
/* End XCBuildConfiguration section */

/* Begin XCConfigurationList section */
		7CBB0F5324A48F93006CA992 /* Build configuration list for PBXProject "Influencer" */ = {
			isa = XCConfigurationList;
			buildConfigurations = (
				7CBB0F7524A48F98006CA992 /* Debug */,
				7CBB0F7624A48F98006CA992 /* Release */,
			);
			defaultConfigurationIsVisible = 0;
			defaultConfigurationName = Release;
		};
		7CBB0F7724A48F98006CA992 /* Build configuration list for PBXNativeTarget "Influencer" */ = {
			isa = XCConfigurationList;
			buildConfigurations = (
				7CBB0F7824A48F98006CA992 /* Debug */,
				7CBB0F7924A48F98006CA992 /* Release */,
			);
			defaultConfigurationIsVisible = 0;
			defaultConfigurationName = Release;
		};
		7CBB0F7A24A48F98006CA992 /* Build configuration list for PBXNativeTarget "InfluencerTests" */ = {
			isa = XCConfigurationList;
			buildConfigurations = (
				7CBB0F7B24A48F98006CA992 /* Debug */,
				7CBB0F7C24A48F98006CA992 /* Release */,
			);
			defaultConfigurationIsVisible = 0;
			defaultConfigurationName = Release;
		};
/* End XCConfigurationList section */
	};
	rootObject = 7CBB0F5024A48F93006CA992 /* Project object */;
}
